
Microsoft Visual Studio Solution File, Format Version 12.00
# Visual Studio Version 17
VisualStudioVersion = 17.10.35004.147
MinimumVisualStudioVersion = 10.0.40219.1
Project("{9A19103F-16F7-4668-BE54-9A1E7A4F7556}") = "AppGuayaquil.Api", "AppGuayaquil.Api\AppGuayaquil.Api.csproj", "{3FB17CC3-53F8-4134-9060-7C4D104B7ADF}"
EndProject
Project("{9A19103F-16F7-4668-BE54-9A1E7A4F7556}") = "AppGuayaquil.Infrastructure", "AppGuayaquil.Infrastructure\AppGuayaquil.Infrastructure.csproj", "{E67C2003-8864-4A3C-A41C-5BF103B27CBD}"
EndProject
Project("{9A19103F-16F7-4668-BE54-9A1E7A4F7556}") = "AppGuayaquil.Domain", "AppGuayaquil.Domain\AppGuayaquil.Domain.csproj", "{F90B9F03-3A24-481D-903F-7C020E7295D7}"
EndProject
Project("{9A19103F-16F7-4668-BE54-9A1E7A4F7556}") = "AppGuayaquil.Application", "AppGuayaquil.Application\AppGuayaquil.Application.csproj", "{2C94FF5A-B274-4B05-8636-173434FE11AA}"
EndProject
Project("{FAE04EC0-301F-11D3-BF4B-00C04F79EFBC}") = "LogConfig", "LogConfig\LogConfig.csproj", "{59E4A6C9-485C-48AD-AB5C-F5EC4F80234B}"
EndProject
Global
	GlobalSection(SolutionConfigurationPlatforms) = preSolution
		Debug|Any CPU = Debug|Any CPU
		Release|Any CPU = Release|Any CPU
	EndGlobalSection
	GlobalSection(ProjectConfigurationPlatforms) = postSolution
		{3FB17CC3-53F8-4134-9060-7C4D104B7ADF}.Debug|Any CPU.ActiveCfg = Debug|Any CPU
		{3FB17CC3-53F8-4134-9060-7C4D104B7ADF}.Debug|Any CPU.Build.0 = Debug|Any CPU
		{3FB17CC3-53F8-4134-9060-7C4D104B7ADF}.Release|Any CPU.ActiveCfg = Release|Any CPU
		{3FB17CC3-53F8-4134-9060-7C4D104B7ADF}.Release|Any CPU.Build.0 = Release|Any CPU
		{E67C2003-8864-4A3C-A41C-5BF103B27CBD}.Debug|Any CPU.ActiveCfg = Debug|Any CPU
		{E67C2003-8864-4A3C-A41C-5BF103B27CBD}.Debug|Any CPU.Build.0 = Debug|Any CPU
		{E67C2003-8864-4A3C-A41C-5BF103B27CBD}.Release|Any CPU.ActiveCfg = Release|Any CPU
		{E67C2003-8864-4A3C-A41C-5BF103B27CBD}.Release|Any CPU.Build.0 = Release|Any CPU
		{F90B9F03-3A24-481D-903F-7C020E7295D7}.Debug|Any CPU.ActiveCfg = Debug|Any CPU
		{F90B9F03-3A24-481D-903F-7C020E7295D7}.Debug|Any CPU.Build.0 = Debug|Any CPU
		{F90B9F03-3A24-481D-903F-7C020E7295D7}.Release|Any CPU.ActiveCfg = Release|Any CPU
		{F90B9F03-3A24-481D-903F-7C020E7295D7}.Release|Any CPU.Build.0 = Release|Any CPU
		{2C94FF5A-B274-4B05-8636-173434FE11AA}.Debug|Any CPU.ActiveCfg = Debug|Any CPU
		{2C94FF5A-B274-4B05-8636-173434FE11AA}.Debug|Any CPU.Build.0 = Debug|Any CPU
		{2C94FF5A-B274-4B05-8636-173434FE11AA}.Release|Any CPU.ActiveCfg = Release|Any CPU
		{2C94FF5A-B274-4B05-8636-173434FE11AA}.Release|Any CPU.Build.0 = Release|Any CPU
		{59E4A6C9-485C-48AD-AB5C-F5EC4F80234B}.Debug|Any CPU.ActiveCfg = Debug|Any CPU
		{59E4A6C9-485C-48AD-AB5C-F5EC4F80234B}.Debug|Any CPU.Build.0 = Debug|Any CPU
		{59E4A6C9-485C-48AD-AB5C-F5EC4F80234B}.Release|Any CPU.ActiveCfg = Release|Any CPU
		{59E4A6C9-485C-48AD-AB5C-F5EC4F80234B}.Release|Any CPU.Build.0 = Release|Any CPU
	EndGlobalSection
	GlobalSection(SolutionProperties) = preSolution
		HideSolutionNode = FALSE
	EndGlobalSection
	GlobalSection(ExtensibilityGlobals) = postSolution
		SolutionGuid = {601360AF-A633-42C2-AC41-24D92FC68B85}
	EndGlobalSection
EndGlobal
